// !$*UTF8*$!
{
	archiveVersion = 1;
	classes = {
	};
	objectVersion = 56;
	objects = {

/* Begin PBXBuildFile section */
		AA2CA0842AC4F1AA00771674 /* FirebaseAnalytics in Frameworks */ = {isa = PBXBuildFile; productRef = AA2CA0832AC4F1AA00771674 /* FirebaseAnalytics */; };
		AA2CA0862AC4F1AA00771674 /* FirebaseAnalyticsOnDeviceConversion in Frameworks */ = {isa = PBXBuildFile; productRef = AA2CA0852AC4F1AA00771674 /* FirebaseAnalyticsOnDeviceConversion */; };
		AA2CA0882AC4F1AA00771674 /* FirebaseAnalyticsSwift in Frameworks */ = {isa = PBXBuildFile; productRef = AA2CA0872AC4F1AA00771674 /* FirebaseAnalyticsSwift */; };
		AA2CA08A2AC4F1AA00771674 /* FirebaseAnalyticsWithoutAdIdSupport in Frameworks */ = {isa = PBXBuildFile; productRef = AA2CA0892AC4F1AA00771674 /* FirebaseAnalyticsWithoutAdIdSupport */; };
		AA2CA08C2AC4F1AA00771674 /* FirebaseAppCheck in Frameworks */ = {isa = PBXBuildFile; productRef = AA2CA08B2AC4F1AA00771674 /* FirebaseAppCheck */; };
		AA2CA08E2AC4F1AA00771674 /* FirebaseAppDistribution-Beta in Frameworks */ = {isa = PBXBuildFile; productRef = AA2CA08D2AC4F1AA00771674 /* FirebaseAppDistribution-Beta */; };
		AA2CA0902AC4F1AA00771674 /* FirebaseAuth in Frameworks */ = {isa = PBXBuildFile; productRef = AA2CA08F2AC4F1AA00771674 /* FirebaseAuth */; };
		AA2CA0922AC4F1AA00771674 /* FirebaseAuthCombine-Community in Frameworks */ = {isa = PBXBuildFile; productRef = AA2CA0912AC4F1AA00771674 /* FirebaseAuthCombine-Community */; };
		AA2CA0942AC4F1AA00771674 /* FirebaseCrashlytics in Frameworks */ = {isa = PBXBuildFile; productRef = AA2CA0932AC4F1AA00771674 /* FirebaseCrashlytics */; };
		AA2CA0962AC4F1AA00771674 /* FirebaseDatabase in Frameworks */ = {isa = PBXBuildFile; productRef = AA2CA0952AC4F1AA00771674 /* FirebaseDatabase */; };
		AA2CA0982AC4F1AA00771674 /* FirebaseDatabaseSwift in Frameworks */ = {isa = PBXBuildFile; productRef = AA2CA0972AC4F1AA00771674 /* FirebaseDatabaseSwift */; };
		AA2CA09A2AC4F1AA00771674 /* FirebaseDynamicLinks in Frameworks */ = {isa = PBXBuildFile; productRef = AA2CA0992AC4F1AA00771674 /* FirebaseDynamicLinks */; };
		AA2CA09C2AC4F1AA00771674 /* FirebaseFirestore in Frameworks */ = {isa = PBXBuildFile; productRef = AA2CA09B2AC4F1AA00771674 /* FirebaseFirestore */; };
		AA2CA09E2AC4F1AA00771674 /* FirebaseFirestoreCombine-Community in Frameworks */ = {isa = PBXBuildFile; productRef = AA2CA09D2AC4F1AA00771674 /* FirebaseFirestoreCombine-Community */; };
		AA2CA0A02AC4F1AA00771674 /* FirebaseFirestoreSwift in Frameworks */ = {isa = PBXBuildFile; productRef = AA2CA09F2AC4F1AA00771674 /* FirebaseFirestoreSwift */; };
		AA2CA0A22AC4F1AA00771674 /* FirebaseFunctions in Frameworks */ = {isa = PBXBuildFile; productRef = AA2CA0A12AC4F1AA00771674 /* FirebaseFunctions */; };
		AA2CA0A42AC4F1AA00771674 /* FirebaseFunctionsCombine-Community in Frameworks */ = {isa = PBXBuildFile; productRef = AA2CA0A32AC4F1AA00771674 /* FirebaseFunctionsCombine-Community */; };
		AA2CA0A62AC4F1AA00771674 /* FirebaseInAppMessaging-Beta in Frameworks */ = {isa = PBXBuildFile; productRef = AA2CA0A52AC4F1AA00771674 /* FirebaseInAppMessaging-Beta */; };
		AA2CA0A82AC4F1AA00771674 /* FirebaseInAppMessagingSwift-Beta in Frameworks */ = {isa = PBXBuildFile; productRef = AA2CA0A72AC4F1AA00771674 /* FirebaseInAppMessagingSwift-Beta */; };
		AA2CA0AA2AC4F1AA00771674 /* FirebaseInstallations in Frameworks */ = {isa = PBXBuildFile; productRef = AA2CA0A92AC4F1AA00771674 /* FirebaseInstallations */; };
		AA2CA0AC2AC4F1AA00771674 /* FirebaseMLModelDownloader in Frameworks */ = {isa = PBXBuildFile; productRef = AA2CA0AB2AC4F1AA00771674 /* FirebaseMLModelDownloader */; };
		AA2CA0AE2AC4F1AA00771674 /* FirebaseMessaging in Frameworks */ = {isa = PBXBuildFile; productRef = AA2CA0AD2AC4F1AA00771674 /* FirebaseMessaging */; };
		AA2CA0B02AC4F1AA00771674 /* FirebasePerformance in Frameworks */ = {isa = PBXBuildFile; productRef = AA2CA0AF2AC4F1AA00771674 /* FirebasePerformance */; };
		AA2CA0B22AC4F1AA00771674 /* FirebaseRemoteConfig in Frameworks */ = {isa = PBXBuildFile; productRef = AA2CA0B12AC4F1AA00771674 /* FirebaseRemoteConfig */; };
		AA2CA0B42AC4F1AA00771674 /* FirebaseRemoteConfigSwift in Frameworks */ = {isa = PBXBuildFile; productRef = AA2CA0B32AC4F1AA00771674 /* FirebaseRemoteConfigSwift */; };
		AA2CA0B62AC4F1AA00771674 /* FirebaseStorage in Frameworks */ = {isa = PBXBuildFile; productRef = AA2CA0B52AC4F1AA00771674 /* FirebaseStorage */; };
		AA2CA0B82AC4F1AA00771674 /* FirebaseStorageCombine-Community in Frameworks */ = {isa = PBXBuildFile; productRef = AA2CA0B72AC4F1AA00771674 /* FirebaseStorageCombine-Community */; };
		AA2CA0BA2AC4F27F00771674 /* SpotDetailView.swift in Sources */ = {isa = PBXBuildFile; fileRef = AA2CA0B92AC4F27F00771674 /* SpotDetailView.swift */; };
		AA2CA0BC2AC5F59700771674 /* SpotViewModel.swift in Sources */ = {isa = PBXBuildFile; fileRef = AA2CA0BB2AC5F59700771674 /* SpotViewModel.swift */; };
		AA2CA0E72AC7394A00771674 /* LocationManager.swift in Sources */ = {isa = PBXBuildFile; fileRef = AA2CA0E62AC7394A00771674 /* LocationManager.swift */; };
		AA2CA0E92AC7397300771674 /* Place.swift in Sources */ = {isa = PBXBuildFile; fileRef = AA2CA0E82AC7397300771674 /* Place.swift */; };
		AA8D2F0F2AC386660078BF54 /* SnacktacularApp.swift in Sources */ = {isa = PBXBuildFile; fileRef = AA8D2F0E2AC386660078BF54 /* SnacktacularApp.swift */; };
		AA8D2F112AC386660078BF54 /* LoginView.swift in Sources */ = {isa = PBXBuildFile; fileRef = AA8D2F102AC386660078BF54 /* LoginView.swift */; };
		AA8D2F132AC386670078BF54 /* Assets.xcassets in Resources */ = {isa = PBXBuildFile; fileRef = AA8D2F122AC386670078BF54 /* Assets.xcassets */; };
		AA8D2F162AC386670078BF54 /* Preview Assets.xcassets in Resources */ = {isa = PBXBuildFile; fileRef = AA8D2F152AC386670078BF54 /* Preview Assets.xcassets */; };
		AA8D2F202AC38D000078BF54 /* FirebaseAnalytics in Frameworks */ = {isa = PBXBuildFile; productRef = AA8D2F1F2AC38D000078BF54 /* FirebaseAnalytics */; };
		AA8D2F222AC38D000078BF54 /* FirebaseAnalyticsOnDeviceConversion in Frameworks */ = {isa = PBXBuildFile; productRef = AA8D2F212AC38D000078BF54 /* FirebaseAnalyticsOnDeviceConversion */; };
		AA8D2F242AC38D000078BF54 /* FirebaseAnalyticsSwift in Frameworks */ = {isa = PBXBuildFile; productRef = AA8D2F232AC38D000078BF54 /* FirebaseAnalyticsSwift */; };
		AA8D2F262AC38D000078BF54 /* FirebaseAnalyticsWithoutAdIdSupport in Frameworks */ = {isa = PBXBuildFile; productRef = AA8D2F252AC38D000078BF54 /* FirebaseAnalyticsWithoutAdIdSupport */; };
		AA8D2F282AC38D000078BF54 /* FirebaseAppCheck in Frameworks */ = {isa = PBXBuildFile; productRef = AA8D2F272AC38D000078BF54 /* FirebaseAppCheck */; };
		AA8D2F2A2AC38D000078BF54 /* FirebaseAppDistribution-Beta in Frameworks */ = {isa = PBXBuildFile; productRef = AA8D2F292AC38D000078BF54 /* FirebaseAppDistribution-Beta */; };
		AA8D2F2C2AC38D000078BF54 /* FirebaseAuth in Frameworks */ = {isa = PBXBuildFile; productRef = AA8D2F2B2AC38D000078BF54 /* FirebaseAuth */; };
		AA8D2F2E2AC38D000078BF54 /* FirebaseAuthCombine-Community in Frameworks */ = {isa = PBXBuildFile; productRef = AA8D2F2D2AC38D000078BF54 /* FirebaseAuthCombine-Community */; };
		AA8D2F302AC38D000078BF54 /* FirebaseCrashlytics in Frameworks */ = {isa = PBXBuildFile; productRef = AA8D2F2F2AC38D000078BF54 /* FirebaseCrashlytics */; };
		AA8D2F322AC38D000078BF54 /* FirebaseDatabase in Frameworks */ = {isa = PBXBuildFile; productRef = AA8D2F312AC38D000078BF54 /* FirebaseDatabase */; };
		AA8D2F342AC38D000078BF54 /* FirebaseDatabaseSwift in Frameworks */ = {isa = PBXBuildFile; productRef = AA8D2F332AC38D000078BF54 /* FirebaseDatabaseSwift */; };
		AA8D2F362AC38EF90078BF54 /* GoogleService-Info.plist in Resources */ = {isa = PBXBuildFile; fileRef = AA8D2F352AC38EF90078BF54 /* GoogleService-Info.plist */; };
		AA8D2F382AC4B6090078BF54 /* SpotListView.swift in Sources */ = {isa = PBXBuildFile; fileRef = AA8D2F372AC4B6090078BF54 /* SpotListView.swift */; };
		AA8D2F3B2AC4E64B0078BF54 /* Spot.swift in Sources */ = {isa = PBXBuildFile; fileRef = AA8D2F3A2AC4E64B0078BF54 /* Spot.swift */; };
/* End PBXBuildFile section */

/* Begin PBXFileReference section */
		AA2CA0B92AC4F27F00771674 /* SpotDetailView.swift */ = {isa = PBXFileReference; lastKnownFileType = sourcecode.swift; path = SpotDetailView.swift; sourceTree = "<group>"; };
		AA2CA0BB2AC5F59700771674 /* SpotViewModel.swift */ = {isa = PBXFileReference; lastKnownFileType = sourcecode.swift; path = SpotViewModel.swift; sourceTree = "<group>"; };
		AA2CA0E62AC7394A00771674 /* LocationManager.swift */ = {isa = PBXFileReference; lastKnownFileType = sourcecode.swift; path = LocationManager.swift; sourceTree = "<group>"; };
		AA2CA0E82AC7397300771674 /* Place.swift */ = {isa = PBXFileReference; lastKnownFileType = sourcecode.swift; path = Place.swift; sourceTree = "<group>"; };
		AA8D2F0B2AC386660078BF54 /* Snacktacular.app */ = {isa = PBXFileReference; explicitFileType = wrapper.application; includeInIndex = 0; path = Snacktacular.app; sourceTree = BUILT_PRODUCTS_DIR; };
		AA8D2F0E2AC386660078BF54 /* SnacktacularApp.swift */ = {isa = PBXFileReference; lastKnownFileType = sourcecode.swift; path = SnacktacularApp.swift; sourceTree = "<group>"; };
		AA8D2F102AC386660078BF54 /* LoginView.swift */ = {isa = PBXFileReference; lastKnownFileType = sourcecode.swift; path = LoginView.swift; sourceTree = "<group>"; };
		AA8D2F122AC386670078BF54 /* Assets.xcassets */ = {isa = PBXFileReference; lastKnownFileType = folder.assetcatalog; path = Assets.xcassets; sourceTree = "<group>"; };
		AA8D2F152AC386670078BF54 /* Preview Assets.xcassets */ = {isa = PBXFileReference; lastKnownFileType = folder.assetcatalog; path = "Preview Assets.xcassets"; sourceTree = "<group>"; };
		AA8D2F1C2AC386E60078BF54 /* Info.plist */ = {isa = PBXFileReference; lastKnownFileType = text.plist; path = Info.plist; sourceTree = "<group>"; };
		AA8D2F1D2AC387210078BF54 /* README.md */ = {isa = PBXFileReference; lastKnownFileType = net.daringfireball.markdown; path = README.md; sourceTree = "<group>"; };
		AA8D2F352AC38EF90078BF54 /* GoogleService-Info.plist */ = {isa = PBXFileReference; fileEncoding = 4; lastKnownFileType = text.plist.xml; path = "GoogleService-Info.plist"; sourceTree = "<group>"; };
		AA8D2F372AC4B6090078BF54 /* SpotListView.swift */ = {isa = PBXFileReference; lastKnownFileType = sourcecode.swift; path = SpotListView.swift; sourceTree = "<group>"; };
		AA8D2F3A2AC4E64B0078BF54 /* Spot.swift */ = {isa = PBXFileReference; lastKnownFileType = sourcecode.swift; path = Spot.swift; sourceTree = "<group>"; };
/* End PBXFileReference section */

/* Begin PBXFrameworksBuildPhase section */
		AA8D2F082AC386660078BF54 /* Frameworks */ = {
			isa = PBXFrameworksBuildPhase;
			buildActionMask = 2147483647;
			files = (
				AA2CA08C2AC4F1AA00771674 /* FirebaseAppCheck in Frameworks */,
				AA8D2F322AC38D000078BF54 /* FirebaseDatabase in Frameworks */,
				AA2CA0AA2AC4F1AA00771674 /* FirebaseInstallations in Frameworks */,
				AA2CA08A2AC4F1AA00771674 /* FirebaseAnalyticsWithoutAdIdSupport in Frameworks */,
				AA8D2F242AC38D000078BF54 /* FirebaseAnalyticsSwift in Frameworks */,
				AA2CA0842AC4F1AA00771674 /* FirebaseAnalytics in Frameworks */,
				AA2CA0B82AC4F1AA00771674 /* FirebaseStorageCombine-Community in Frameworks */,
				AA2CA09C2AC4F1AA00771674 /* FirebaseFirestore in Frameworks */,
				AA2CA0862AC4F1AA00771674 /* FirebaseAnalyticsOnDeviceConversion in Frameworks */,
				AA2CA0A42AC4F1AA00771674 /* FirebaseFunctionsCombine-Community in Frameworks */,
				AA2CA0AE2AC4F1AA00771674 /* FirebaseMessaging in Frameworks */,
				AA2CA0B62AC4F1AA00771674 /* FirebaseStorage in Frameworks */,
				AA2CA0A02AC4F1AA00771674 /* FirebaseFirestoreSwift in Frameworks */,
				AA2CA0882AC4F1AA00771674 /* FirebaseAnalyticsSwift in Frameworks */,
				AA2CA09E2AC4F1AA00771674 /* FirebaseFirestoreCombine-Community in Frameworks */,
				AA8D2F202AC38D000078BF54 /* FirebaseAnalytics in Frameworks */,
				AA2CA0982AC4F1AA00771674 /* FirebaseDatabaseSwift in Frameworks */,
				AA2CA09A2AC4F1AA00771674 /* FirebaseDynamicLinks in Frameworks */,
				AA2CA0A62AC4F1AA00771674 /* FirebaseInAppMessaging-Beta in Frameworks */,
				AA8D2F222AC38D000078BF54 /* FirebaseAnalyticsOnDeviceConversion in Frameworks */,
				AA8D2F282AC38D000078BF54 /* FirebaseAppCheck in Frameworks */,
				AA8D2F262AC38D000078BF54 /* FirebaseAnalyticsWithoutAdIdSupport in Frameworks */,
				AA2CA0AC2AC4F1AA00771674 /* FirebaseMLModelDownloader in Frameworks */,
				AA2CA0B42AC4F1AA00771674 /* FirebaseRemoteConfigSwift in Frameworks */,
				AA8D2F2C2AC38D000078BF54 /* FirebaseAuth in Frameworks */,
				AA2CA0962AC4F1AA00771674 /* FirebaseDatabase in Frameworks */,
				AA8D2F302AC38D000078BF54 /* FirebaseCrashlytics in Frameworks */,
				AA2CA0B22AC4F1AA00771674 /* FirebaseRemoteConfig in Frameworks */,
				AA2CA0902AC4F1AA00771674 /* FirebaseAuth in Frameworks */,
				AA2CA0A82AC4F1AA00771674 /* FirebaseInAppMessagingSwift-Beta in Frameworks */,
				AA2CA0B02AC4F1AA00771674 /* FirebasePerformance in Frameworks */,
				AA8D2F342AC38D000078BF54 /* FirebaseDatabaseSwift in Frameworks */,
				AA2CA0A22AC4F1AA00771674 /* FirebaseFunctions in Frameworks */,
				AA2CA08E2AC4F1AA00771674 /* FirebaseAppDistribution-Beta in Frameworks */,
				AA8D2F2A2AC38D000078BF54 /* FirebaseAppDistribution-Beta in Frameworks */,
				AA2CA0942AC4F1AA00771674 /* FirebaseCrashlytics in Frameworks */,
				AA2CA0922AC4F1AA00771674 /* FirebaseAuthCombine-Community in Frameworks */,
				AA8D2F2E2AC38D000078BF54 /* FirebaseAuthCombine-Community in Frameworks */,
			);
			runOnlyForDeploymentPostprocessing = 0;
		};
/* End PBXFrameworksBuildPhase section */

/* Begin PBXGroup section */
		AA8D2F022AC386660078BF54 = {
			isa = PBXGroup;
			children = (
				AA8D2F1D2AC387210078BF54 /* README.md */,
				AA8D2F0D2AC386660078BF54 /* Snacktacular */,
				AA8D2F0C2AC386660078BF54 /* Products */,
			);
			sourceTree = "<group>";
		};
		AA8D2F0C2AC386660078BF54 /* Products */ = {
			isa = PBXGroup;
			children = (
				AA8D2F0B2AC386660078BF54 /* Snacktacular.app */,
			);
			name = Products;
			sourceTree = "<group>";
		};
		AA8D2F0D2AC386660078BF54 /* Snacktacular */ = {
			isa = PBXGroup;
			children = (
				AA8D2F1C2AC386E60078BF54 /* Info.plist */,
				AA8D2F0E2AC386660078BF54 /* SnacktacularApp.swift */,
				AA8D2F392AC4E62A0078BF54 /* Model */,
				AA8D2F102AC386660078BF54 /* LoginView.swift */,
				AA8D2F372AC4B6090078BF54 /* SpotListView.swift */,
				AA2CA0B92AC4F27F00771674 /* SpotDetailView.swift */,
				AA8D2F122AC386670078BF54 /* Assets.xcassets */,
				AA8D2F352AC38EF90078BF54 /* GoogleService-Info.plist */,
				AA8D2F142AC386670078BF54 /* Preview Content */,
			);
			path = Snacktacular;
			sourceTree = "<group>";
		};
		AA8D2F142AC386670078BF54 /* Preview Content */ = {
			isa = PBXGroup;
			children = (
				AA8D2F152AC386670078BF54 /* Preview Assets.xcassets */,
			);
			path = "Preview Content";
			sourceTree = "<group>";
		};
		AA8D2F392AC4E62A0078BF54 /* Model */ = {
			isa = PBXGroup;
			children = (
				AA8D2F3A2AC4E64B0078BF54 /* Spot.swift */,
				AA2CA0BB2AC5F59700771674 /* SpotViewModel.swift */,
				AA2CA0E62AC7394A00771674 /* LocationManager.swift */,
				AA2CA0E82AC7397300771674 /* Place.swift */,
			);
			path = Model;
			sourceTree = "<group>";
		};
/* End PBXGroup section */

/* Begin PBXNativeTarget section */
		AA8D2F0A2AC386660078BF54 /* Snacktacular */ = {
			isa = PBXNativeTarget;
			buildConfigurationList = AA8D2F192AC386670078BF54 /* Build configuration list for PBXNativeTarget "Snacktacular" */;
			buildPhases = (
				AA8D2F072AC386660078BF54 /* Sources */,
				AA8D2F082AC386660078BF54 /* Frameworks */,
				AA8D2F092AC386660078BF54 /* Resources */,
			);
			buildRules = (
			);
			dependencies = (
			);
			name = Snacktacular;
			packageProductDependencies = (
				AA8D2F1F2AC38D000078BF54 /* FirebaseAnalytics */,
				AA8D2F212AC38D000078BF54 /* FirebaseAnalyticsOnDeviceConversion */,
				AA8D2F232AC38D000078BF54 /* FirebaseAnalyticsSwift */,
				AA8D2F252AC38D000078BF54 /* FirebaseAnalyticsWithoutAdIdSupport */,
				AA8D2F272AC38D000078BF54 /* FirebaseAppCheck */,
				AA8D2F292AC38D000078BF54 /* FirebaseAppDistribution-Beta */,
				AA8D2F2B2AC38D000078BF54 /* FirebaseAuth */,
				AA8D2F2D2AC38D000078BF54 /* FirebaseAuthCombine-Community */,
				AA8D2F2F2AC38D000078BF54 /* FirebaseCrashlytics */,
				AA8D2F312AC38D000078BF54 /* FirebaseDatabase */,
				AA8D2F332AC38D000078BF54 /* FirebaseDatabaseSwift */,
				AA2CA0832AC4F1AA00771674 /* FirebaseAnalytics */,
				AA2CA0852AC4F1AA00771674 /* FirebaseAnalyticsOnDeviceConversion */,
				AA2CA0872AC4F1AA00771674 /* FirebaseAnalyticsSwift */,
				AA2CA0892AC4F1AA00771674 /* FirebaseAnalyticsWithoutAdIdSupport */,
				AA2CA08B2AC4F1AA00771674 /* FirebaseAppCheck */,
				AA2CA08D2AC4F1AA00771674 /* FirebaseAppDistribution-Beta */,
				AA2CA08F2AC4F1AA00771674 /* FirebaseAuth */,
				AA2CA0912AC4F1AA00771674 /* FirebaseAuthCombine-Community */,
				AA2CA0932AC4F1AA00771674 /* FirebaseCrashlytics */,
				AA2CA0952AC4F1AA00771674 /* FirebaseDatabase */,
				AA2CA0972AC4F1AA00771674 /* FirebaseDatabaseSwift */,
				AA2CA0992AC4F1AA00771674 /* FirebaseDynamicLinks */,
				AA2CA09B2AC4F1AA00771674 /* FirebaseFirestore */,
				AA2CA09D2AC4F1AA00771674 /* FirebaseFirestoreCombine-Community */,
				AA2CA09F2AC4F1AA00771674 /* FirebaseFirestoreSwift */,
				AA2CA0A12AC4F1AA00771674 /* FirebaseFunctions */,
				AA2CA0A32AC4F1AA00771674 /* FirebaseFunctionsCombine-Community */,
				AA2CA0A52AC4F1AA00771674 /* FirebaseInAppMessaging-Beta */,
				AA2CA0A72AC4F1AA00771674 /* FirebaseInAppMessagingSwift-Beta */,
				AA2CA0A92AC4F1AA00771674 /* FirebaseInstallations */,
				AA2CA0AB2AC4F1AA00771674 /* FirebaseMLModelDownloader */,
				AA2CA0AD2AC4F1AA00771674 /* FirebaseMessaging */,
				AA2CA0AF2AC4F1AA00771674 /* FirebasePerformance */,
				AA2CA0B12AC4F1AA00771674 /* FirebaseRemoteConfig */,
				AA2CA0B32AC4F1AA00771674 /* FirebaseRemoteConfigSwift */,
				AA2CA0B52AC4F1AA00771674 /* FirebaseStorage */,
				AA2CA0B72AC4F1AA00771674 /* FirebaseStorageCombine-Community */,
			);
			productName = Snacktacular;
			productReference = AA8D2F0B2AC386660078BF54 /* Snacktacular.app */;
			productType = "com.apple.product-type.application";
		};
/* End PBXNativeTarget section */

/* Begin PBXProject section */
		AA8D2F032AC386660078BF54 /* Project object */ = {
			isa = PBXProject;
			attributes = {
				BuildIndependentTargetsInParallel = 1;
				LastSwiftUpdateCheck = 1500;
				LastUpgradeCheck = 1500;
				TargetAttributes = {
					AA8D2F0A2AC386660078BF54 = {
						CreatedOnToolsVersion = 15.0;
					};
				};
			};
			buildConfigurationList = AA8D2F062AC386660078BF54 /* Build configuration list for PBXProject "Snacktacular" */;
			compatibilityVersion = "Xcode 14.0";
			developmentRegion = en;
			hasScannedForEncodings = 0;
			knownRegions = (
				en,
				Base,
			);
			mainGroup = AA8D2F022AC386660078BF54;
			packageReferences = (
				AA8D2F1E2AC38D000078BF54 /* XCRemoteSwiftPackageReference "firebase-ios-sdk" */,
			);
			productRefGroup = AA8D2F0C2AC386660078BF54 /* Products */;
			projectDirPath = "";
			projectRoot = "";
			targets = (
				AA8D2F0A2AC386660078BF54 /* Snacktacular */,
			);
		};
/* End PBXProject section */

/* Begin PBXResourcesBuildPhase section */
		AA8D2F092AC386660078BF54 /* Resources */ = {
			isa = PBXResourcesBuildPhase;
			buildActionMask = 2147483647;
			files = (
				AA8D2F162AC386670078BF54 /* Preview Assets.xcassets in Resources */,
				AA8D2F132AC386670078BF54 /* Assets.xcassets in Resources */,
				AA8D2F362AC38EF90078BF54 /* GoogleService-Info.plist in Resources */,
			);
			runOnlyForDeploymentPostprocessing = 0;
		};
/* End PBXResourcesBuildPhase section */

/* Begin PBXSourcesBuildPhase section */
		AA8D2F072AC386660078BF54 /* Sources */ = {
			isa = PBXSourcesBuildPhase;
			buildActionMask = 2147483647;
			files = (
				AA2CA0BA2AC4F27F00771674 /* SpotDetailView.swift in Sources */,
				AA8D2F112AC386660078BF54 /* LoginView.swift in Sources */,
				AA2CA0BC2AC5F59700771674 /* SpotViewModel.swift in Sources */,
				AA2CA0E92AC7397300771674 /* Place.swift in Sources */,
				AA2CA0E72AC7394A00771674 /* LocationManager.swift in Sources */,
				AA8D2F0F2AC386660078BF54 /* SnacktacularApp.swift in Sources */,
				AA8D2F382AC4B6090078BF54 /* SpotListView.swift in Sources */,
				AA8D2F3B2AC4E64B0078BF54 /* Spot.swift in Sources */,
			);
			runOnlyForDeploymentPostprocessing = 0;
		};
/* End PBXSourcesBuildPhase section */

/* Begin XCBuildConfiguration section */
		AA8D2F172AC386670078BF54 /* Debug */ = {
			isa = XCBuildConfiguration;
			buildSettings = {
				ALWAYS_SEARCH_USER_PATHS = NO;
				ASSETCATALOG_COMPILER_GENERATE_SWIFT_ASSET_SYMBOL_EXTENSIONS = YES;
				CLANG_ANALYZER_NONNULL = YES;
				CLANG_ANALYZER_NUMBER_OBJECT_CONVERSION = YES_AGGRESSIVE;
				CLANG_CXX_LANGUAGE_STANDARD = "gnu++20";
				CLANG_ENABLE_MODULES = YES;
				CLANG_ENABLE_OBJC_ARC = YES;
				CLANG_ENABLE_OBJC_WEAK = YES;
				CLANG_WARN_BLOCK_CAPTURE_AUTORELEASING = YES;
				CLANG_WARN_BOOL_CONVERSION = YES;
				CLANG_WARN_COMMA = YES;
				CLANG_WARN_CONSTANT_CONVERSION = YES;
				CLANG_WARN_DEPRECATED_OBJC_IMPLEMENTATIONS = YES;
				CLANG_WARN_DIRECT_OBJC_ISA_USAGE = YES_ERROR;
				CLANG_WARN_DOCUMENTATION_COMMENTS = YES;
				CLANG_WARN_EMPTY_BODY = YES;
				CLANG_WARN_ENUM_CONVERSION = YES;
				CLANG_WARN_INFINITE_RECURSION = YES;
				CLANG_WARN_INT_CONVERSION = YES;
				CLANG_WARN_NON_LITERAL_NULL_CONVERSION = YES;
				CLANG_WARN_OBJC_IMPLICIT_RETAIN_SELF = YES;
				CLANG_WARN_OBJC_LITERAL_CONVERSION = YES;
				CLANG_WARN_OBJC_ROOT_CLASS = YES_ERROR;
				CLANG_WARN_QUOTED_INCLUDE_IN_FRAMEWORK_HEADER = YES;
				CLANG_WARN_RANGE_LOOP_ANALYSIS = YES;
				CLANG_WARN_STRICT_PROTOTYPES = YES;
				CLANG_WARN_SUSPICIOUS_MOVE = YES;
				CLANG_WARN_UNGUARDED_AVAILABILITY = YES_AGGRESSIVE;
				CLANG_WARN_UNREACHABLE_CODE = YES;
				CLANG_WARN__DUPLICATE_METHOD_MATCH = YES;
				COPY_PHASE_STRIP = NO;
				DEBUG_INFORMATION_FORMAT = dwarf;
				ENABLE_STRICT_OBJC_MSGSEND = YES;
				ENABLE_TESTABILITY = YES;
				ENABLE_USER_SCRIPT_SANDBOXING = YES;
				GCC_C_LANGUAGE_STANDARD = gnu17;
				GCC_DYNAMIC_NO_PIC = NO;
				GCC_NO_COMMON_BLOCKS = YES;
				GCC_OPTIMIZATION_LEVEL = 0;
				GCC_PREPROCESSOR_DEFINITIONS = (
					"DEBUG=1",
					"$(inherited)",
				);
				GCC_WARN_64_TO_32_BIT_CONVERSION = YES;
				GCC_WARN_ABOUT_RETURN_TYPE = YES_ERROR;
				GCC_WARN_UNDECLARED_SELECTOR = YES;
				GCC_WARN_UNINITIALIZED_AUTOS = YES_AGGRESSIVE;
				GCC_WARN_UNUSED_FUNCTION = YES;
				GCC_WARN_UNUSED_VARIABLE = YES;
				IPHONEOS_DEPLOYMENT_TARGET = 17.0;
				LOCALIZATION_PREFERS_STRING_CATALOGS = YES;
				MTL_ENABLE_DEBUG_INFO = INCLUDE_SOURCE;
				MTL_FAST_MATH = YES;
				ONLY_ACTIVE_ARCH = YES;
				SDKROOT = iphoneos;
				SWIFT_ACTIVE_COMPILATION_CONDITIONS = "DEBUG $(inherited)";
				SWIFT_OPTIMIZATION_LEVEL = "-Onone";
			};
			name = Debug;
		};
		AA8D2F182AC386670078BF54 /* Release */ = {
			isa = XCBuildConfiguration;
			buildSettings = {
				ALWAYS_SEARCH_USER_PATHS = NO;
				ASSETCATALOG_COMPILER_GENERATE_SWIFT_ASSET_SYMBOL_EXTENSIONS = YES;
				CLANG_ANALYZER_NONNULL = YES;
				CLANG_ANALYZER_NUMBER_OBJECT_CONVERSION = YES_AGGRESSIVE;
				CLANG_CXX_LANGUAGE_STANDARD = "gnu++20";
				CLANG_ENABLE_MODULES = YES;
				CLANG_ENABLE_OBJC_ARC = YES;
				CLANG_ENABLE_OBJC_WEAK = YES;
				CLANG_WARN_BLOCK_CAPTURE_AUTORELEASING = YES;
				CLANG_WARN_BOOL_CONVERSION = YES;
				CLANG_WARN_COMMA = YES;
				CLANG_WARN_CONSTANT_CONVERSION = YES;
				CLANG_WARN_DEPRECATED_OBJC_IMPLEMENTATIONS = YES;
				CLANG_WARN_DIRECT_OBJC_ISA_USAGE = YES_ERROR;
				CLANG_WARN_DOCUMENTATION_COMMENTS = YES;
				CLANG_WARN_EMPTY_BODY = YES;
				CLANG_WARN_ENUM_CONVERSION = YES;
				CLANG_WARN_INFINITE_RECURSION = YES;
				CLANG_WARN_INT_CONVERSION = YES;
				CLANG_WARN_NON_LITERAL_NULL_CONVERSION = YES;
				CLANG_WARN_OBJC_IMPLICIT_RETAIN_SELF = YES;
				CLANG_WARN_OBJC_LITERAL_CONVERSION = YES;
				CLANG_WARN_OBJC_ROOT_CLASS = YES_ERROR;
				CLANG_WARN_QUOTED_INCLUDE_IN_FRAMEWORK_HEADER = YES;
				CLANG_WARN_RANGE_LOOP_ANALYSIS = YES;
				CLANG_WARN_STRICT_PROTOTYPES = YES;
				CLANG_WARN_SUSPICIOUS_MOVE = YES;
				CLANG_WARN_UNGUARDED_AVAILABILITY = YES_AGGRESSIVE;
				CLANG_WARN_UNREACHABLE_CODE = YES;
				CLANG_WARN__DUPLICATE_METHOD_MATCH = YES;
				COPY_PHASE_STRIP = NO;
				DEBUG_INFORMATION_FORMAT = "dwarf-with-dsym";
				ENABLE_NS_ASSERTIONS = NO;
				ENABLE_STRICT_OBJC_MSGSEND = YES;
				ENABLE_USER_SCRIPT_SANDBOXING = YES;
				GCC_C_LANGUAGE_STANDARD = gnu17;
				GCC_NO_COMMON_BLOCKS = YES;
				GCC_WARN_64_TO_32_BIT_CONVERSION = YES;
				GCC_WARN_ABOUT_RETURN_TYPE = YES_ERROR;
				GCC_WARN_UNDECLARED_SELECTOR = YES;
				GCC_WARN_UNINITIALIZED_AUTOS = YES_AGGRESSIVE;
				GCC_WARN_UNUSED_FUNCTION = YES;
				GCC_WARN_UNUSED_VARIABLE = YES;
				IPHONEOS_DEPLOYMENT_TARGET = 17.0;
				LOCALIZATION_PREFERS_STRING_CATALOGS = YES;
				MTL_ENABLE_DEBUG_INFO = NO;
				MTL_FAST_MATH = YES;
				SDKROOT = iphoneos;
				SWIFT_COMPILATION_MODE = wholemodule;
				VALIDATE_PRODUCT = YES;
			};
			name = Release;
		};
		AA8D2F1A2AC386670078BF54 /* Debug */ = {
			isa = XCBuildConfiguration;
			buildSettings = {
				ASSETCATALOG_COMPILER_APPICON_NAME = AppIcon;
				ASSETCATALOG_COMPILER_GLOBAL_ACCENT_COLOR_NAME = AccentColor;
				CODE_SIGN_STYLE = Automatic;
				CURRENT_PROJECT_VERSION = 1;
				DEVELOPMENT_ASSET_PATHS = "\"Snacktacular/Preview Content\"";
				DEVELOPMENT_TEAM = 3SUU8JFXBU;
				ENABLE_PREVIEWS = YES;
				GENERATE_INFOPLIST_FILE = YES;
				INFOPLIST_FILE = Snacktacular/Info.plist;
				INFOPLIST_KEY_UIApplicationSceneManifest_Generation = YES;
				INFOPLIST_KEY_UIApplicationSupportsIndirectInputEvents = YES;
				INFOPLIST_KEY_UISupportedInterfaceOrientations_iPad = "UIInterfaceOrientationPortrait UIInterfaceOrientationPortraitUpsideDown UIInterfaceOrientationLandscapeLeft UIInterfaceOrientationLandscapeRight";
				INFOPLIST_KEY_UISupportedInterfaceOrientations_iPhone = "UIInterfaceOrientationPortrait UIInterfaceOrientationLandscapeLeft UIInterfaceOrientationLandscapeRight";
				LD_RUNPATH_SEARCH_PATHS = (
					"$(inherited)",
					"@executable_path/Frameworks",
				);
				MARKETING_VERSION = 1.0;
				PRODUCT_BUNDLE_IDENTIFIER = com.redricebowl.Snacktacular;
				PRODUCT_NAME = "$(TARGET_NAME)";
				SWIFT_EMIT_LOC_STRINGS = YES;
				SWIFT_VERSION = 5.0;
				TARGETED_DEVICE_FAMILY = "1,2";
			};
			name = Debug;
		};
		AA8D2F1B2AC386670078BF54 /* Release */ = {
			isa = XCBuildConfiguration;
			buildSettings = {
				ASSETCATALOG_COMPILER_APPICON_NAME = AppIcon;
				ASSETCATALOG_COMPILER_GLOBAL_ACCENT_COLOR_NAME = AccentColor;
				CODE_SIGN_STYLE = Automatic;
				CURRENT_PROJECT_VERSION = 1;
				DEVELOPMENT_ASSET_PATHS = "\"Snacktacular/Preview Content\"";
				DEVELOPMENT_TEAM = 3SUU8JFXBU;
				ENABLE_PREVIEWS = YES;
				GENERATE_INFOPLIST_FILE = YES;
				INFOPLIST_FILE = Snacktacular/Info.plist;
				INFOPLIST_KEY_UIApplicationSceneManifest_Generation = YES;
				INFOPLIST_KEY_UIApplicationSupportsIndirectInputEvents = YES;
				INFOPLIST_KEY_UISupportedInterfaceOrientations_iPad = "UIInterfaceOrientationPortrait UIInterfaceOrientationPortraitUpsideDown UIInterfaceOrientationLandscapeLeft UIInterfaceOrientationLandscapeRight";
				INFOPLIST_KEY_UISupportedInterfaceOrientations_iPhone = "UIInterfaceOrientationPortrait UIInterfaceOrientationLandscapeLeft UIInterfaceOrientationLandscapeRight";
				LD_RUNPATH_SEARCH_PATHS = (
					"$(inherited)",
					"@executable_path/Frameworks",
				);
				MARKETING_VERSION = 1.0;
				PRODUCT_BUNDLE_IDENTIFIER = com.redricebowl.Snacktacular;
				PRODUCT_NAME = "$(TARGET_NAME)";
				SWIFT_EMIT_LOC_STRINGS = YES;
				SWIFT_VERSION = 5.0;
				TARGETED_DEVICE_FAMILY = "1,2";
			};
			name = Release;
		};
/* End XCBuildConfiguration section */

/* Begin XCConfigurationList section */
		AA8D2F062AC386660078BF54 /* Build configuration list for PBXProject "Snacktacular" */ = {
			isa = XCConfigurationList;
			buildConfigurations = (
				AA8D2F172AC386670078BF54 /* Debug */,
				AA8D2F182AC386670078BF54 /* Release */,
			);
			defaultConfigurationIsVisible = 0;
			defaultConfigurationName = Release;
		};
		AA8D2F192AC386670078BF54 /* Build configuration list for PBXNativeTarget "Snacktacular" */ = {
			isa = XCConfigurationList;
			buildConfigurations = (
				AA8D2F1A2AC386670078BF54 /* Debug */,
				AA8D2F1B2AC386670078BF54 /* Release */,
			);
			defaultConfigurationIsVisible = 0;
			defaultConfigurationName = Release;
		};
/* End XCConfigurationList section */

/* Begin XCRemoteSwiftPackageReference section */
		AA8D2F1E2AC38D000078BF54 /* XCRemoteSwiftPackageReference "firebase-ios-sdk" */ = {
			isa = XCRemoteSwiftPackageReference;
			repositoryURL = "https://github.com/firebase/firebase-ios-sdk.git";
			requirement = {
				kind = upToNextMajorVersion;
				minimumVersion = 10.15.0;
			};
		};
/* End XCRemoteSwiftPackageReference section */

/* Begin XCSwiftPackageProductDependency section */
		AA2CA0832AC4F1AA00771674 /* FirebaseAnalytics */ = {
			isa = XCSwiftPackageProductDependency;
			package = AA8D2F1E2AC38D000078BF54 /* XCRemoteSwiftPackageReference "firebase-ios-sdk" */;
			productName = FirebaseAnalytics;
		};
		AA2CA0852AC4F1AA00771674 /* FirebaseAnalyticsOnDeviceConversion */ = {
			isa = XCSwiftPackageProductDependency;
			package = AA8D2F1E2AC38D000078BF54 /* XCRemoteSwiftPackageReference "firebase-ios-sdk" */;
			productName = FirebaseAnalyticsOnDeviceConversion;
		};
		AA2CA0872AC4F1AA00771674 /* FirebaseAnalyticsSwift */ = {
			isa = XCSwiftPackageProductDependency;
			package = AA8D2F1E2AC38D000078BF54 /* XCRemoteSwiftPackageReference "firebase-ios-sdk" */;
			productName = FirebaseAnalyticsSwift;
		};
		AA2CA0892AC4F1AA00771674 /* FirebaseAnalyticsWithoutAdIdSupport */ = {
			isa = XCSwiftPackageProductDependency;
			package = AA8D2F1E2AC38D000078BF54 /* XCRemoteSwiftPackageReference "firebase-ios-sdk" */;
			productName = FirebaseAnalyticsWithoutAdIdSupport;
		};
		AA2CA08B2AC4F1AA00771674 /* FirebaseAppCheck */ = {
			isa = XCSwiftPackageProductDependency;
			package = AA8D2F1E2AC38D000078BF54 /* XCRemoteSwiftPackageReference "firebase-ios-sdk" */;
			productName = FirebaseAppCheck;
		};
		AA2CA08D2AC4F1AA00771674 /* FirebaseAppDistribution-Beta */ = {
			isa = XCSwiftPackageProductDependency;
			package = AA8D2F1E2AC38D000078BF54 /* XCRemoteSwiftPackageReference "firebase-ios-sdk" */;
			productName = "FirebaseAppDistribution-Beta";
		};
		AA2CA08F2AC4F1AA00771674 /* FirebaseAuth */ = {
			isa = XCSwiftPackageProductDependency;
			package = AA8D2F1E2AC38D000078BF54 /* XCRemoteSwiftPackageReference "firebase-ios-sdk" */;
			productName = FirebaseAuth;
		};
		AA2CA0912AC4F1AA00771674 /* FirebaseAuthCombine-Community */ = {
			isa = XCSwiftPackageProductDependency;
			package = AA8D2F1E2AC38D000078BF54 /* XCRemoteSwiftPackageReference "firebase-ios-sdk" */;
			productName = "FirebaseAuthCombine-Community";
		};
		AA2CA0932AC4F1AA00771674 /* FirebaseCrashlytics */ = {
			isa = XCSwiftPackageProductDependency;
			package = AA8D2F1E2AC38D000078BF54 /* XCRemoteSwiftPackageReference "firebase-ios-sdk" */;
			productName = FirebaseCrashlytics;
		};
		AA2CA0952AC4F1AA00771674 /* FirebaseDatabase */ = {
			isa = XCSwiftPackageProductDependency;
			package = AA8D2F1E2AC38D000078BF54 /* XCRemoteSwiftPackageReference "firebase-ios-sdk" */;
			productName = FirebaseDatabase;
		};
		AA2CA0972AC4F1AA00771674 /* FirebaseDatabaseSwift */ = {
			isa = XCSwiftPackageProductDependency;
			package = AA8D2F1E2AC38D000078BF54 /* XCRemoteSwiftPackageReference "firebase-ios-sdk" */;
			productName = FirebaseDatabaseSwift;
		};
		AA2CA0992AC4F1AA00771674 /* FirebaseDynamicLinks */ = {
			isa = XCSwiftPackageProductDependency;
			package = AA8D2F1E2AC38D000078BF54 /* XCRemoteSwiftPackageReference "firebase-ios-sdk" */;
			productName = FirebaseDynamicLinks;
		};
		AA2CA09B2AC4F1AA00771674 /* FirebaseFirestore */ = {
			isa = XCSwiftPackageProductDependency;
			package = AA8D2F1E2AC38D000078BF54 /* XCRemoteSwiftPackageReference "firebase-ios-sdk" */;
			productName = FirebaseFirestore;
		};
		AA2CA09D2AC4F1AA00771674 /* FirebaseFirestoreCombine-Community */ = {
			isa = XCSwiftPackageProductDependency;
			package = AA8D2F1E2AC38D000078BF54 /* XCRemoteSwiftPackageReference "firebase-ios-sdk" */;
			productName = "FirebaseFirestoreCombine-Community";
		};
		AA2CA09F2AC4F1AA00771674 /* FirebaseFirestoreSwift */ = {
			isa = XCSwiftPackageProductDependency;
			package = AA8D2F1E2AC38D000078BF54 /* XCRemoteSwiftPackageReference "firebase-ios-sdk" */;
			productName = FirebaseFirestoreSwift;
		};
		AA2CA0A12AC4F1AA00771674 /* FirebaseFunctions */ = {
			isa = XCSwiftPackageProductDependency;
			package = AA8D2F1E2AC38D000078BF54 /* XCRemoteSwiftPackageReference "firebase-ios-sdk" */;
			productName = FirebaseFunctions;
		};
		AA2CA0A32AC4F1AA00771674 /* FirebaseFunctionsCombine-Community */ = {
			isa = XCSwiftPackageProductDependency;
			package = AA8D2F1E2AC38D000078BF54 /* XCRemoteSwiftPackageReference "firebase-ios-sdk" */;
			productName = "FirebaseFunctionsCombine-Community";
		};
		AA2CA0A52AC4F1AA00771674 /* FirebaseInAppMessaging-Beta */ = {
			isa = XCSwiftPackageProductDependency;
			package = AA8D2F1E2AC38D000078BF54 /* XCRemoteSwiftPackageReference "firebase-ios-sdk" */;
			productName = "FirebaseInAppMessaging-Beta";
		};
		AA2CA0A72AC4F1AA00771674 /* FirebaseInAppMessagingSwift-Beta */ = {
			isa = XCSwiftPackageProductDependency;
			package = AA8D2F1E2AC38D000078BF54 /* XCRemoteSwiftPackageReference "firebase-ios-sdk" */;
			productName = "FirebaseInAppMessagingSwift-Beta";
		};
		AA2CA0A92AC4F1AA00771674 /* FirebaseInstallations */ = {
			isa = XCSwiftPackageProductDependency;
			package = AA8D2F1E2AC38D000078BF54 /* XCRemoteSwiftPackageReference "firebase-ios-sdk" */;
			productName = FirebaseInstallations;
		};
		AA2CA0AB2AC4F1AA00771674 /* FirebaseMLModelDownloader */ = {
			isa = XCSwiftPackageProductDependency;
			package = AA8D2F1E2AC38D000078BF54 /* XCRemoteSwiftPackageReference "firebase-ios-sdk" */;
			productName = FirebaseMLModelDownloader;
		};
		AA2CA0AD2AC4F1AA00771674 /* FirebaseMessaging */ = {
			isa = XCSwiftPackageProductDependency;
			package = AA8D2F1E2AC38D000078BF54 /* XCRemoteSwiftPackageReference "firebase-ios-sdk" */;
			productName = FirebaseMessaging;
		};
		AA2CA0AF2AC4F1AA00771674 /* FirebasePerformance */ = {
			isa = XCSwiftPackageProductDependency;
			package = AA8D2F1E2AC38D000078BF54 /* XCRemoteSwiftPackageReference "firebase-ios-sdk" */;
			productName = FirebasePerformance;
		};
		AA2CA0B12AC4F1AA00771674 /* FirebaseRemoteConfig */ = {
			isa = XCSwiftPackageProductDependency;
			package = AA8D2F1E2AC38D000078BF54 /* XCRemoteSwiftPackageReference "firebase-ios-sdk" */;
			productName = FirebaseRemoteConfig;
		};
		AA2CA0B32AC4F1AA00771674 /* FirebaseRemoteConfigSwift */ = {
			isa = XCSwiftPackageProductDependency;
			package = AA8D2F1E2AC38D000078BF54 /* XCRemoteSwiftPackageReference "firebase-ios-sdk" */;
			productName = FirebaseRemoteConfigSwift;
		};
		AA2CA0B52AC4F1AA00771674 /* FirebaseStorage */ = {
			isa = XCSwiftPackageProductDependency;
			package = AA8D2F1E2AC38D000078BF54 /* XCRemoteSwiftPackageReference "firebase-ios-sdk" */;
			productName = FirebaseStorage;
		};
		AA2CA0B72AC4F1AA00771674 /* FirebaseStorageCombine-Community */ = {
			isa = XCSwiftPackageProductDependency;
			package = AA8D2F1E2AC38D000078BF54 /* XCRemoteSwiftPackageReference "firebase-ios-sdk" */;
			productName = "FirebaseStorageCombine-Community";
		};
		AA8D2F1F2AC38D000078BF54 /* FirebaseAnalytics */ = {
			isa = XCSwiftPackageProductDependency;
			package = AA8D2F1E2AC38D000078BF54 /* XCRemoteSwiftPackageReference "firebase-ios-sdk" */;
			productName = FirebaseAnalytics;
		};
		AA8D2F212AC38D000078BF54 /* FirebaseAnalyticsOnDeviceConversion */ = {
			isa = XCSwiftPackageProductDependency;
			package = AA8D2F1E2AC38D000078BF54 /* XCRemoteSwiftPackageReference "firebase-ios-sdk" */;
			productName = FirebaseAnalyticsOnDeviceConversion;
		};
		AA8D2F232AC38D000078BF54 /* FirebaseAnalyticsSwift */ = {
			isa = XCSwiftPackageProductDependency;
			package = AA8D2F1E2AC38D000078BF54 /* XCRemoteSwiftPackageReference "firebase-ios-sdk" */;
			productName = FirebaseAnalyticsSwift;
		};
		AA8D2F252AC38D000078BF54 /* FirebaseAnalyticsWithoutAdIdSupport */ = {
			isa = XCSwiftPackageProductDependency;
			package = AA8D2F1E2AC38D000078BF54 /* XCRemoteSwiftPackageReference "firebase-ios-sdk" */;
			productName = FirebaseAnalyticsWithoutAdIdSupport;
		};
		AA8D2F272AC38D000078BF54 /* FirebaseAppCheck */ = {
			isa = XCSwiftPackageProductDependency;
			package = AA8D2F1E2AC38D000078BF54 /* XCRemoteSwiftPackageReference "firebase-ios-sdk" */;
			productName = FirebaseAppCheck;
		};
		AA8D2F292AC38D000078BF54 /* FirebaseAppDistribution-Beta */ = {
			isa = XCSwiftPackageProductDependency;
			package = AA8D2F1E2AC38D000078BF54 /* XCRemoteSwiftPackageReference "firebase-ios-sdk" */;
			productName = "FirebaseAppDistribution-Beta";
		};
		AA8D2F2B2AC38D000078BF54 /* FirebaseAuth */ = {
			isa = XCSwiftPackageProductDependency;
			package = AA8D2F1E2AC38D000078BF54 /* XCRemoteSwiftPackageReference "firebase-ios-sdk" */;
			productName = FirebaseAuth;
		};
		AA8D2F2D2AC38D000078BF54 /* FirebaseAuthCombine-Community */ = {
			isa = XCSwiftPackageProductDependency;
			package = AA8D2F1E2AC38D000078BF54 /* XCRemoteSwiftPackageReference "firebase-ios-sdk" */;
			productName = "FirebaseAuthCombine-Community";
		};
		AA8D2F2F2AC38D000078BF54 /* FirebaseCrashlytics */ = {
			isa = XCSwiftPackageProductDependency;
			package = AA8D2F1E2AC38D000078BF54 /* XCRemoteSwiftPackageReference "firebase-ios-sdk" */;
			productName = FirebaseCrashlytics;
		};
		AA8D2F312AC38D000078BF54 /* FirebaseDatabase */ = {
			isa = XCSwiftPackageProductDependency;
			package = AA8D2F1E2AC38D000078BF54 /* XCRemoteSwiftPackageReference "firebase-ios-sdk" */;
			productName = FirebaseDatabase;
		};
		AA8D2F332AC38D000078BF54 /* FirebaseDatabaseSwift */ = {
			isa = XCSwiftPackageProductDependency;
			package = AA8D2F1E2AC38D000078BF54 /* XCRemoteSwiftPackageReference "firebase-ios-sdk" */;
			productName = FirebaseDatabaseSwift;
		};
/* End XCSwiftPackageProductDependency section */
	};
	rootObject = AA8D2F032AC386660078BF54 /* Project object */;
}
